
Microsoft Visual Studio Solution File, Format Version 12.00
# Visual Studio Version 16
VisualStudioVersion = 16.0.29709.97
MinimumVisualStudioVersion = 10.0.40219.1
Project("{FAE04EC0-301F-11D3-BF4B-00C04F79EFBC}") = "InterviewAnanyaDixit", "InterviewAnanyaDixit\InterviewAnanyaDixit.csproj", "{ED6804FB-5A2F-4A21-A59E-4FF9D9F2967C}"
EndProject
Project("{FAE04EC0-301F-11D3-BF4B-00C04F79EFBC}") = "InterviewAnanyaDixit.Tests", "InterviewAnanyaDixit.Tests\InterviewAnanyaDixit.Tests.csproj", "{37F4F052-F783-41D9-9651-77D79EAAB5A4}"
EndProject
Global
	GlobalSection(SolutionConfigurationPlatforms) = preSolution
		Debug|Any CPU = Debug|Any CPU
		Release|Any CPU = Release|Any CPU
	EndGlobalSection
	GlobalSection(ProjectConfigurationPlatforms) = postSolution
		{ED6804FB-5A2F-4A21-A59E-4FF9D9F2967C}.Debug|Any CPU.ActiveCfg = Debug|Any CPU
		{ED6804FB-5A2F-4A21-A59E-4FF9D9F2967C}.Debug|Any CPU.Build.0 = Debug|Any CPU
		{ED6804FB-5A2F-4A21-A59E-4FF9D9F2967C}.Release|Any CPU.ActiveCfg = Release|Any CPU
		{ED6804FB-5A2F-4A21-A59E-4FF9D9F2967C}.Release|Any CPU.Build.0 = Release|Any CPU
		{37F4F052-F783-41D9-9651-77D79EAAB5A4}.Debug|Any CPU.ActiveCfg = Debug|Any CPU
		{37F4F052-F783-41D9-9651-77D79EAAB5A4}.Debug|Any CPU.Build.0 = Debug|Any CPU
		{37F4F052-F783-41D9-9651-77D79EAAB5A4}.Release|Any CPU.ActiveCfg = Release|Any CPU
		{37F4F052-F783-41D9-9651-77D79EAAB5A4}.Release|Any CPU.Build.0 = Release|Any CPU
	EndGlobalSection
	GlobalSection(SolutionProperties) = preSolution
		HideSolutionNode = FALSE
	EndGlobalSection
	GlobalSection(ExtensibilityGlobals) = postSolution
		SolutionGuid = {FFABADC5-2BE4-4D2E-B3C2-A1FA1B8E9341}
	EndGlobalSection
EndGlobal
